
Microsoft Visual Studio Solution File, Format Version 12.00
# Visual Studio Version 17
VisualStudioVersion = 17.0.31903.59
MinimumVisualStudioVersion = 10.0.40219.1
Project("{FAE04EC0-301F-11D3-BF4B-00C04F79EFBC}") = "API", "API\API.csproj", "{9F2F2DAA-67D2-43C1-B742-B96729691A2A}"
EndProject
Project("{FAE04EC0-301F-11D3-BF4B-00C04F79EFBC}") = "Application", "Application\Application.csproj", "{2FBF5CCB-A76F-4278-9967-DDD702BD186D}"
EndProject
Project("{FAE04EC0-301F-11D3-BF4B-00C04F79EFBC}") = "Domain", "Domain\Domain.csproj", "{D210086B-C7A6-4183-AA58-10282AC5B145}"
EndProject
Project("{FAE04EC0-301F-11D3-BF4B-00C04F79EFBC}") = "Persistence", "Persistence\Persistence.csproj", "{8E1A4DF0-AEF2-49E5-8D1E-72982D0BAFE3}"
EndProject
Project("{FAE04EC0-301F-11D3-BF4B-00C04F79EFBC}") = "Infrastructure", "Infrastructure\Infrastructure.csproj", "{6B80E7A7-E80D-4641-B3BA-4A79295B431A}"
EndProject
Project("{2150E333-8FDC-42A3-9474-1A3956D46DE8}") = "tests", "tests", "{0AB3BF05-4346-4AA6-1389-037BE0695223}"
EndProject
Project("{FAE04EC0-301F-11D3-BF4B-00C04F79EFBC}") = "Domain.UnitTests", "tests\Domain.UnitTests\Domain.UnitTests.csproj", "{6F229999-2C30-4A08-87F9-93A130D7BEEC}"
EndProject
Project("{FAE04EC0-301F-11D3-BF4B-00C04F79EFBC}") = "Application.UnitTests", "tests\Application.UnitTests\Application.UnitTests.csproj", "{14F82D70-C347-4A7A-B973-B88A4B926299}"
EndProject
Project("{FAE04EC0-301F-11D3-BF4B-00C04F79EFBC}") = "Authorization.UnitTests", "tests\Authorization.UnitTests\Authorization.UnitTests.csproj", "{4434E080-FF0D-4C3C-8E89-0FDE061B893F}"
EndProject
Project("{FAE04EC0-301F-11D3-BF4B-00C04F79EFBC}") = "API.IntegrationTests", "tests\API.IntegrationTests\API.IntegrationTests.csproj", "{FD72C00C-E011-4289-9BC6-B19D39DD81FE}"
EndProject
Global
	GlobalSection(SolutionConfigurationPlatforms) = preSolution
		Debug|Any CPU = Debug|Any CPU
		Debug|x64 = Debug|x64
		Debug|x86 = Debug|x86
		Release|Any CPU = Release|Any CPU
		Release|x64 = Release|x64
		Release|x86 = Release|x86
	EndGlobalSection
	GlobalSection(ProjectConfigurationPlatforms) = postSolution
		{9F2F2DAA-67D2-43C1-B742-B96729691A2A}.Debug|Any CPU.ActiveCfg = Debug|Any CPU
		{9F2F2DAA-67D2-43C1-B742-B96729691A2A}.Debug|Any CPU.Build.0 = Debug|Any CPU
		{9F2F2DAA-67D2-43C1-B742-B96729691A2A}.Debug|x64.ActiveCfg = Debug|Any CPU
		{9F2F2DAA-67D2-43C1-B742-B96729691A2A}.Debug|x64.Build.0 = Debug|Any CPU
		{9F2F2DAA-67D2-43C1-B742-B96729691A2A}.Debug|x86.ActiveCfg = Debug|Any CPU
		{9F2F2DAA-67D2-43C1-B742-B96729691A2A}.Debug|x86.Build.0 = Debug|Any CPU
		{9F2F2DAA-67D2-43C1-B742-B96729691A2A}.Release|Any CPU.ActiveCfg = Release|Any CPU
		{9F2F2DAA-67D2-43C1-B742-B96729691A2A}.Release|Any CPU.Build.0 = Release|Any CPU
		{9F2F2DAA-67D2-43C1-B742-B96729691A2A}.Release|x64.ActiveCfg = Release|Any CPU
		{9F2F2DAA-67D2-43C1-B742-B96729691A2A}.Release|x64.Build.0 = Release|Any CPU
		{9F2F2DAA-67D2-43C1-B742-B96729691A2A}.Release|x86.ActiveCfg = Release|Any CPU
		{9F2F2DAA-67D2-43C1-B742-B96729691A2A}.Release|x86.Build.0 = Release|Any CPU
		{2FBF5CCB-A76F-4278-9967-DDD702BD186D}.Debug|Any CPU.ActiveCfg = Debug|Any CPU
		{2FBF5CCB-A76F-4278-9967-DDD702BD186D}.Debug|Any CPU.Build.0 = Debug|Any CPU
		{2FBF5CCB-A76F-4278-9967-DDD702BD186D}.Debug|x64.ActiveCfg = Debug|Any CPU
		{2FBF5CCB-A76F-4278-9967-DDD702BD186D}.Debug|x64.Build.0 = Debug|Any CPU
		{2FBF5CCB-A76F-4278-9967-DDD702BD186D}.Debug|x86.ActiveCfg = Debug|Any CPU
		{2FBF5CCB-A76F-4278-9967-DDD702BD186D}.Debug|x86.Build.0 = Debug|Any CPU
		{2FBF5CCB-A76F-4278-9967-DDD702BD186D}.Release|Any CPU.ActiveCfg = Release|Any CPU
		{2FBF5CCB-A76F-4278-9967-DDD702BD186D}.Release|Any CPU.Build.0 = Release|Any CPU
		{2FBF5CCB-A76F-4278-9967-DDD702BD186D}.Release|x64.ActiveCfg = Release|Any CPU
		{2FBF5CCB-A76F-4278-9967-DDD702BD186D}.Release|x64.Build.0 = Release|Any CPU
		{2FBF5CCB-A76F-4278-9967-DDD702BD186D}.Release|x86.ActiveCfg = Release|Any CPU
		{2FBF5CCB-A76F-4278-9967-DDD702BD186D}.Release|x86.Build.0 = Release|Any CPU
		{D210086B-C7A6-4183-AA58-10282AC5B145}.Debug|Any CPU.ActiveCfg = Debug|Any CPU
		{D210086B-C7A6-4183-AA58-10282AC5B145}.Debug|Any CPU.Build.0 = Debug|Any CPU
		{D210086B-C7A6-4183-AA58-10282AC5B145}.Debug|x64.ActiveCfg = Debug|Any CPU
		{D210086B-C7A6-4183-AA58-10282AC5B145}.Debug|x64.Build.0 = Debug|Any CPU
		{D210086B-C7A6-4183-AA58-10282AC5B145}.Debug|x86.ActiveCfg = Debug|Any CPU
		{D210086B-C7A6-4183-AA58-10282AC5B145}.Debug|x86.Build.0 = Debug|Any CPU
		{D210086B-C7A6-4183-AA58-10282AC5B145}.Release|Any CPU.ActiveCfg = Release|Any CPU
		{D210086B-C7A6-4183-AA58-10282AC5B145}.Release|Any CPU.Build.0 = Release|Any CPU
		{D210086B-C7A6-4183-AA58-10282AC5B145}.Release|x64.ActiveCfg = Release|Any CPU
		{D210086B-C7A6-4183-AA58-10282AC5B145}.Release|x64.Build.0 = Release|Any CPU
		{D210086B-C7A6-4183-AA58-10282AC5B145}.Release|x86.ActiveCfg = Release|Any CPU
		{D210086B-C7A6-4183-AA58-10282AC5B145}.Release|x86.Build.0 = Release|Any CPU
		{8E1A4DF0-AEF2-49E5-8D1E-72982D0BAFE3}.Debug|Any CPU.ActiveCfg = Debug|Any CPU
		{8E1A4DF0-AEF2-49E5-8D1E-72982D0BAFE3}.Debug|Any CPU.Build.0 = Debug|Any CPU
		{8E1A4DF0-AEF2-49E5-8D1E-72982D0BAFE3}.Debug|x64.ActiveCfg = Debug|Any CPU
		{8E1A4DF0-AEF2-49E5-8D1E-72982D0BAFE3}.Debug|x64.Build.0 = Debug|Any CPU
		{8E1A4DF0-AEF2-49E5-8D1E-72982D0BAFE3}.Debug|x86.ActiveCfg = Debug|Any CPU
		{8E1A4DF0-AEF2-49E5-8D1E-72982D0BAFE3}.Debug|x86.Build.0 = Debug|Any CPU
		{8E1A4DF0-AEF2-49E5-8D1E-72982D0BAFE3}.Release|Any CPU.ActiveCfg = Release|Any CPU
		{8E1A4DF0-AEF2-49E5-8D1E-72982D0BAFE3}.Release|Any CPU.Build.0 = Release|Any CPU
		{8E1A4DF0-AEF2-49E5-8D1E-72982D0BAFE3}.Release|x64.ActiveCfg = Release|Any CPU
		{8E1A4DF0-AEF2-49E5-8D1E-72982D0BAFE3}.Release|x64.Build.0 = Release|Any CPU
		{8E1A4DF0-AEF2-49E5-8D1E-72982D0BAFE3}.Release|x86.ActiveCfg = Release|Any CPU
		{8E1A4DF0-AEF2-49E5-8D1E-72982D0BAFE3}.Release|x86.Build.0 = Release|Any CPU
		{6B80E7A7-E80D-4641-B3BA-4A79295B431A}.Debug|Any CPU.ActiveCfg = Debug|Any CPU
		{6B80E7A7-E80D-4641-B3BA-4A79295B431A}.Debug|Any CPU.Build.0 = Debug|Any CPU
		{6B80E7A7-E80D-4641-B3BA-4A79295B431A}.Debug|x64.ActiveCfg = Debug|Any CPU
		{6B80E7A7-E80D-4641-B3BA-4A79295B431A}.Debug|x64.Build.0 = Debug|Any CPU
		{6B80E7A7-E80D-4641-B3BA-4A79295B431A}.Debug|x86.ActiveCfg = Debug|Any CPU
		{6B80E7A7-E80D-4641-B3BA-4A79295B431A}.Debug|x86.Build.0 = Debug|Any CPU
		{6B80E7A7-E80D-4641-B3BA-4A79295B431A}.Release|Any CPU.ActiveCfg = Release|Any CPU
		{6B80E7A7-E80D-4641-B3BA-4A79295B431A}.Release|Any CPU.Build.0 = Release|Any CPU
		{6B80E7A7-E80D-4641-B3BA-4A79295B431A}.Release|x64.ActiveCfg = Release|Any CPU
		{6B80E7A7-E80D-4641-B3BA-4A79295B431A}.Release|x64.Build.0 = Release|Any CPU
		{6B80E7A7-E80D-4641-B3BA-4A79295B431A}.Release|x86.ActiveCfg = Release|Any CPU
		{6B80E7A7-E80D-4641-B3BA-4A79295B431A}.Release|x86.Build.0 = Release|Any CPU
		{6F229999-2C30-4A08-87F9-93A130D7BEEC}.Debug|Any CPU.ActiveCfg = Debug|Any CPU
		{6F229999-2C30-4A08-87F9-93A130D7BEEC}.Debug|Any CPU.Build.0 = Debug|Any CPU
		{6F229999-2C30-4A08-87F9-93A130D7BEEC}.Debug|x64.ActiveCfg = Debug|Any CPU
		{6F229999-2C30-4A08-87F9-93A130D7BEEC}.Debug|x64.Build.0 = Debug|Any CPU
		{6F229999-2C30-4A08-87F9-93A130D7BEEC}.Debug|x86.ActiveCfg = Debug|Any CPU
		{6F229999-2C30-4A08-87F9-93A130D7BEEC}.Debug|x86.Build.0 = Debug|Any CPU
		{6F229999-2C30-4A08-87F9-93A130D7BEEC}.Release|Any CPU.ActiveCfg = Release|Any CPU
		{6F229999-2C30-4A08-87F9-93A130D7BEEC}.Release|Any CPU.Build.0 = Release|Any CPU
		{6F229999-2C30-4A08-87F9-93A130D7BEEC}.Release|x64.ActiveCfg = Release|Any CPU
		{6F229999-2C30-4A08-87F9-93A130D7BEEC}.Release|x64.Build.0 = Release|Any CPU
		{6F229999-2C30-4A08-87F9-93A130D7BEEC}.Release|x86.ActiveCfg = Release|Any CPU
		{6F229999-2C30-4A08-87F9-93A130D7BEEC}.Release|x86.Build.0 = Release|Any CPU
		{14F82D70-C347-4A7A-B973-B88A4B926299}.Debug|Any CPU.ActiveCfg = Debug|Any CPU
		{14F82D70-C347-4A7A-B973-B88A4B926299}.Debug|Any CPU.Build.0 = Debug|Any CPU
		{14F82D70-C347-4A7A-B973-B88A4B926299}.Debug|x64.ActiveCfg = Debug|Any CPU
		{14F82D70-C347-4A7A-B973-B88A4B926299}.Debug|x64.Build.0 = Debug|Any CPU
		{14F82D70-C347-4A7A-B973-B88A4B926299}.Debug|x86.ActiveCfg = Debug|Any CPU
		{14F82D70-C347-4A7A-B973-B88A4B926299}.Debug|x86.Build.0 = Debug|Any CPU
		{14F82D70-C347-4A7A-B973-B88A4B926299}.Release|Any CPU.ActiveCfg = Release|Any CPU
		{14F82D70-C347-4A7A-B973-B88A4B926299}.Release|Any CPU.Build.0 = Release|Any CPU
		{14F82D70-C347-4A7A-B973-B88A4B926299}.Release|x64.ActiveCfg = Release|Any CPU
		{14F82D70-C347-4A7A-B973-B88A4B926299}.Release|x64.Build.0 = Release|Any CPU
		{14F82D70-C347-4A7A-B973-B88A4B926299}.Release|x86.ActiveCfg = Release|Any CPU
		{14F82D70-C347-4A7A-B973-B88A4B926299}.Release|x86.Build.0 = Release|Any CPU
		{4434E080-FF0D-4C3C-8E89-0FDE061B893F}.Debug|Any CPU.ActiveCfg = Debug|Any CPU
		{4434E080-FF0D-4C3C-8E89-0FDE061B893F}.Debug|Any CPU.Build.0 = Debug|Any CPU
		{4434E080-FF0D-4C3C-8E89-0FDE061B893F}.Debug|x64.ActiveCfg = Debug|Any CPU
		{4434E080-FF0D-4C3C-8E89-0FDE061B893F}.Debug|x64.Build.0 = Debug|Any CPU
		{4434E080-FF0D-4C3C-8E89-0FDE061B893F}.Debug|x86.ActiveCfg = Debug|Any CPU
		{4434E080-FF0D-4C3C-8E89-0FDE061B893F}.Debug|x86.Build.0 = Debug|Any CPU
		{4434E080-FF0D-4C3C-8E89-0FDE061B893F}.Release|Any CPU.ActiveCfg = Release|Any CPU
		{4434E080-FF0D-4C3C-8E89-0FDE061B893F}.Release|Any CPU.Build.0 = Release|Any CPU
		{4434E080-FF0D-4C3C-8E89-0FDE061B893F}.Release|x64.ActiveCfg = Release|Any CPU
		{4434E080-FF0D-4C3C-8E89-0FDE061B893F}.Release|x64.Build.0 = Release|Any CPU
		{4434E080-FF0D-4C3C-8E89-0FDE061B893F}.Release|x86.ActiveCfg = Release|Any CPU
		{4434E080-FF0D-4C3C-8E89-0FDE061B893F}.Release|x86.Build.0 = Release|Any CPU
		{FD72C00C-E011-4289-9BC6-B19D39DD81FE}.Debug|Any CPU.ActiveCfg = Debug|Any CPU
		{FD72C00C-E011-4289-9BC6-B19D39DD81FE}.Debug|Any CPU.Build.0 = Debug|Any CPU
		{FD72C00C-E011-4289-9BC6-B19D39DD81FE}.Debug|x64.ActiveCfg = Debug|Any CPU
		{FD72C00C-E011-4289-9BC6-B19D39DD81FE}.Debug|x64.Build.0 = Debug|Any CPU
		{FD72C00C-E011-4289-9BC6-B19D39DD81FE}.Debug|x86.ActiveCfg = Debug|Any CPU
		{FD72C00C-E011-4289-9BC6-B19D39DD81FE}.Debug|x86.Build.0 = Debug|Any CPU
		{FD72C00C-E011-4289-9BC6-B19D39DD81FE}.Release|Any CPU.ActiveCfg = Release|Any CPU
		{FD72C00C-E011-4289-9BC6-B19D39DD81FE}.Release|Any CPU.Build.0 = Release|Any CPU
		{FD72C00C-E011-4289-9BC6-B19D39DD81FE}.Release|x64.ActiveCfg = Release|Any CPU
		{FD72C00C-E011-4289-9BC6-B19D39DD81FE}.Release|x64.Build.0 = Release|Any CPU
		{FD72C00C-E011-4289-9BC6-B19D39DD81FE}.Release|x86.ActiveCfg = Release|Any CPU
		{FD72C00C-E011-4289-9BC6-B19D39DD81FE}.Release|x86.Build.0 = Release|Any CPU
	EndGlobalSection
	GlobalSection(SolutionProperties) = preSolution
		HideSolutionNode = FALSE
	EndGlobalSection
	GlobalSection(NestedProjects) = preSolution
		{6F229999-2C30-4A08-87F9-93A130D7BEEC} = {0AB3BF05-4346-4AA6-1389-037BE0695223}
		{14F82D70-C347-4A7A-B973-B88A4B926299} = {0AB3BF05-4346-4AA6-1389-037BE0695223}
		{4434E080-FF0D-4C3C-8E89-0FDE061B893F} = {0AB3BF05-4346-4AA6-1389-037BE0695223}
		{FD72C00C-E011-4289-9BC6-B19D39DD81FE} = {0AB3BF05-4346-4AA6-1389-037BE0695223}
	EndGlobalSection
EndGlobal
